
Microsoft Visual Studio Solution File, Format Version 12.00
# Visual Studio Express 2013 for Web
VisualStudioVersion = 12.0.30723.0
MinimumVisualStudioVersion = 10.0.40219.1
Project("{FAE04EC0-301F-11D3-BF4B-00C04F79EFBC}") = "Dardani.EDU.Entities", "Dardani.EDU.Entities\Dardani.EDU.Entities.csproj", "{B2B6D703-511E-478B-BCBB-92B2887DDBAD}"
EndProject
Project("{FAE04EC0-301F-11D3-BF4B-00C04F79EFBC}") = "EduTestes", "EduTestes\EduTestes.csproj", "{43C63D7B-F1A0-4C40-9B34-D84EDB46E89D}"
	ProjectSection(ProjectDependencies) = postProject
		{B2B6D703-511E-478B-BCBB-92B2887DDBAD} = {B2B6D703-511E-478B-BCBB-92B2887DDBAD}
		{7B8105C9-2A48-4052-AB3D-C677E919A60A} = {7B8105C9-2A48-4052-AB3D-C677E919A60A}
		{A19B0FD8-61BD-4ED4-ABA7-0DA82E64FC56} = {A19B0FD8-61BD-4ED4-ABA7-0DA82E64FC56}
		{48FD18F1-2685-4FA3-8F4F-3B9333A2F381} = {48FD18F1-2685-4FA3-8F4F-3B9333A2F381}
	EndProjectSection
EndProject
Project("{FAE04EC0-301F-11D3-BF4B-00C04F79EFBC}") = "Visao360.Educacao", "Visao360.Educacao\Visao360.Educacao.csproj", "{1E225390-BAA1-4FEE-A1CD-4E8FB33B517C}"
	ProjectSection(ProjectDependencies) = postProject
		{B2B6D703-511E-478B-BCBB-92B2887DDBAD} = {B2B6D703-511E-478B-BCBB-92B2887DDBAD}
		{7B8105C9-2A48-4052-AB3D-C677E919A60A} = {7B8105C9-2A48-4052-AB3D-C677E919A60A}
		{A19B0FD8-61BD-4ED4-ABA7-0DA82E64FC56} = {A19B0FD8-61BD-4ED4-ABA7-0DA82E64FC56}
		{48FD18F1-2685-4FA3-8F4F-3B9333A2F381} = {48FD18F1-2685-4FA3-8F4F-3B9333A2F381}
	EndProjectSection
EndProject
Project("{FAE04EC0-301F-11D3-BF4B-00C04F79EFBC}") = "Dardani.EDU.BO", "Dardani.EDU.BO\Dardani.EDU.BO.csproj", "{A19B0FD8-61BD-4ED4-ABA7-0DA82E64FC56}"
	ProjectSection(ProjectDependencies) = postProject
		{7B8105C9-2A48-4052-AB3D-C677E919A60A} = {7B8105C9-2A48-4052-AB3D-C677E919A60A}
		{48FD18F1-2685-4FA3-8F4F-3B9333A2F381} = {48FD18F1-2685-4FA3-8F4F-3B9333A2F381}
	EndProjectSection
EndProject
Project("{FAE04EC0-301F-11D3-BF4B-00C04F79EFBC}") = "Petra.DAO", "..\PETRA.BaseMvc\Petra.DAO\Petra.DAO.csproj", "{7B8105C9-2A48-4052-AB3D-C677E919A60A}"
EndProject
Project("{FAE04EC0-301F-11D3-BF4B-00C04F79EFBC}") = "Petra.Util", "..\PETRA.BaseMvc\Petra.Util\Petra.Util.csproj", "{48FD18F1-2685-4FA3-8F4F-3B9333A2F381}"
EndProject
Global
	GlobalSection(SolutionConfigurationPlatforms) = preSolution
		Debug|Any CPU = Debug|Any CPU
		Release|Any CPU = Release|Any CPU
	EndGlobalSection
	GlobalSection(ProjectConfigurationPlatforms) = postSolution
		{B2B6D703-511E-478B-BCBB-92B2887DDBAD}.Debug|Any CPU.ActiveCfg = Debug|Any CPU
		{B2B6D703-511E-478B-BCBB-92B2887DDBAD}.Debug|Any CPU.Build.0 = Debug|Any CPU
		{B2B6D703-511E-478B-BCBB-92B2887DDBAD}.Release|Any CPU.ActiveCfg = Release|Any CPU
		{B2B6D703-511E-478B-BCBB-92B2887DDBAD}.Release|Any CPU.Build.0 = Release|Any CPU
		{43C63D7B-F1A0-4C40-9B34-D84EDB46E89D}.Debug|Any CPU.ActiveCfg = Debug|Any CPU
		{43C63D7B-F1A0-4C40-9B34-D84EDB46E89D}.Debug|Any CPU.Build.0 = Debug|Any CPU
		{43C63D7B-F1A0-4C40-9B34-D84EDB46E89D}.Release|Any CPU.ActiveCfg = Release|Any CPU
		{43C63D7B-F1A0-4C40-9B34-D84EDB46E89D}.Release|Any CPU.Build.0 = Release|Any CPU
		{1E225390-BAA1-4FEE-A1CD-4E8FB33B517C}.Debug|Any CPU.ActiveCfg = Debug|Any CPU
		{1E225390-BAA1-4FEE-A1CD-4E8FB33B517C}.Debug|Any CPU.Build.0 = Debug|Any CPU
		{1E225390-BAA1-4FEE-A1CD-4E8FB33B517C}.Release|Any CPU.ActiveCfg = Release|Any CPU
		{1E225390-BAA1-4FEE-A1CD-4E8FB33B517C}.Release|Any CPU.Build.0 = Release|Any CPU
		{A19B0FD8-61BD-4ED4-ABA7-0DA82E64FC56}.Debug|Any CPU.ActiveCfg = Debug|Any CPU
		{A19B0FD8-61BD-4ED4-ABA7-0DA82E64FC56}.Debug|Any CPU.Build.0 = Debug|Any CPU
		{A19B0FD8-61BD-4ED4-ABA7-0DA82E64FC56}.Release|Any CPU.ActiveCfg = Release|Any CPU
		{A19B0FD8-61BD-4ED4-ABA7-0DA82E64FC56}.Release|Any CPU.Build.0 = Release|Any CPU
		{7B8105C9-2A48-4052-AB3D-C677E919A60A}.Debug|Any CPU.ActiveCfg = Debug|Any CPU
		{7B8105C9-2A48-4052-AB3D-C677E919A60A}.Debug|Any CPU.Build.0 = Debug|Any CPU
		{7B8105C9-2A48-4052-AB3D-C677E919A60A}.Release|Any CPU.ActiveCfg = Release|Any CPU
		{7B8105C9-2A48-4052-AB3D-C677E919A60A}.Release|Any CPU.Build.0 = Release|Any CPU
		{48FD18F1-2685-4FA3-8F4F-3B9333A2F381}.Debug|Any CPU.ActiveCfg = Debug|Any CPU
		{48FD18F1-2685-4FA3-8F4F-3B9333A2F381}.Debug|Any CPU.Build.0 = Debug|Any CPU
		{48FD18F1-2685-4FA3-8F4F-3B9333A2F381}.Release|Any CPU.ActiveCfg = Release|Any CPU
		{48FD18F1-2685-4FA3-8F4F-3B9333A2F381}.Release|Any CPU.Build.0 = Release|Any CPU
	EndGlobalSection
	GlobalSection(SolutionProperties) = preSolution
		HideSolutionNode = FALSE
	EndGlobalSection
EndGlobal
